<?xml version="1.0" encoding="utf-8"?>
<Project ToolsVersion="4.0" xmlns="http://schemas.microsoft.com/developer/msbuild/2003">
  <ItemGroup>
    <Filter Include="Source Files">
      <UniqueIdentifier>{4FC737F1-C7A5-4376-A066-2A32D752A2FF}</UniqueIdentifier>
      <Extensions>cpp;c;cc;cxx;c++;cppm;ixx;def;odl;idl;hpj;bat;asm;asmx</Extensions>
    </Filter>
    <Filter Include="Header Files">
      <UniqueIdentifier>{93995380-89BD-4b04-88EB-625FBE52EBFB}</UniqueIdentifier>
      <Extensions>h;hh;hpp;hxx;h++;hm;inl;inc;ipp;xsd</Extensions>
    </Filter>
    <Filter Include="Resource Files">
      <UniqueIdentifier>{67DA6AB6-F800-4c08-8B7A-83BB121AAD01}</UniqueIdentifier>
      <Extensions>rc;ico;cur;bmp;dlg;rc2;rct;bin;rgs;gif;jpg;jpeg;jpe;resx;tiff;tif;png;wav;mfcribbon-ms</Extensions>
    </Filter>
    <Filter Include="Components">
      <UniqueIdentifier>{df783ba1-90f6-4319-8948-468f2d0a9df4}</UniqueIdentifier>
    </Filter>
    <Filter Include="States">
      <UniqueIdentifier>{ebf16f8f-711c-4c1d-bdab-82c3fad6c262}</UniqueIdentifier>
    </Filter>
    <Filter Include="Scenes">
      <UniqueIdentifier>{31c3edcd-1e46-4251-bfbc-cfcef3f27875}</UniqueIdentifier>
    </Filter>
  </ItemGroup>
  <ItemGroup>
    <ClInclude Include="WallManagers.h">
      <Filter>Header Files</Filter>
    </ClInclude>
    <ClInclude Include="LevelCreator.h">
      <Filter>Header Files</Filter>
    </ClInclude>
    <ClInclude Include="Helpers.h">
      <Filter>Header Files</Filter>
    </ClInclude>
    <ClInclude Include="GameInfo.h">
      <Filter>Header Files</Filter>
    </ClInclude>
    <ClInclude Include="CustomCommands.h">
      <Filter>Header Files</Filter>
    </ClInclude>
    <ClInclude Include="PengoComponent.h">
      <Filter>Components</Filter>
    </ClInclude>
    <ClInclude Include="ScoreDisplayComponent.h">
      <Filter>Components</Filter>
    </ClInclude>
    <ClInclude Include="LivesDisplayComponent.h">
      <Filter>Components</Filter>
    </ClInclude>
    <ClInclude Include="GridComponent.h">
      <Filter>Components</Filter>
    </ClInclude>
    <ClInclude Include="WallComponent.h">
      <Filter>Components</Filter>
    </ClInclude>
    <ClInclude Include="MenuButtonComponent.h">
      <Filter>Components</Filter>
    </ClInclude>
    <ClInclude Include="Main.h">
      <Filter>Header Files</Filter>
    </ClInclude>
    <ClInclude Include="WallStates.h">
      <Filter>States</Filter>
    </ClInclude>
    <ClInclude Include="SinglePlayerScene.h">
      <Filter>Scenes</Filter>
    </ClInclude>
    <ClInclude Include="CoopScene.h">
      <Filter>Scenes</Filter>
    </ClInclude>
    <ClInclude Include="VersusScene.h">
      <Filter>Scenes</Filter>
    </ClInclude>
    <ClInclude Include="SnoBeeCompontent.h">
      <Filter>Components</Filter>
    </ClInclude>
  </ItemGroup>
  <ItemGroup>
    <ClCompile Include="Main.cpp">
      <Filter>Source Files</Filter>
    </ClCompile>
    <ClCompile Include="WallManagers.cpp">
      <Filter>Source Files</Filter>
    </ClCompile>
    <ClCompile Include="LevelCreator.cpp">
      <Filter>Source Files</Filter>
    </ClCompile>
    <ClCompile Include="Helpers.cpp">
      <Filter>Source Files</Filter>
    </ClCompile>
    <ClCompile Include="GameInfo.cpp">
      <Filter>Source Files</Filter>
    </ClCompile>
    <ClCompile Include="CustomCommands.cpp">
      <Filter>Source Files</Filter>
    </ClCompile>
    <ClCompile Include="WallComponent.cpp">
      <Filter>Components</Filter>
    </ClCompile>
    <ClCompile Include="PengoComponent.cpp">
      <Filter>Components</Filter>
    </ClCompile>
    <ClCompile Include="LivesDisplayComponent.cpp">
      <Filter>Components</Filter>
    </ClCompile>
    <ClCompile Include="GridComponent.cpp">
      <Filter>Components</Filter>
    </ClCompile>
    <ClCompile Include="ScoreDisplayComponent.cpp">
      <Filter>Components</Filter>
    </ClCompile>
    <ClCompile Include="MenuButtonComponent.cpp">
      <Filter>Components</Filter>
    </ClCompile>
    <ClCompile Include="WallStates.cpp">
      <Filter>States</Filter>
    </ClCompile>
    <ClCompile Include="SinglePlayerScene.cpp">
      <Filter>Scenes</Filter>
    </ClCompile>
    <ClCompile Include="CoopScene.cpp">
      <Filter>Scenes</Filter>
    </ClCompile>
    <ClCompile Include="VersusScene.cpp">
      <Filter>Scenes</Filter>
    </ClCompile>
    <ClCompile Include="SnoBeeCompontent.cpp">
      <Filter>Components</Filter>
    </ClCompile>
  </ItemGroup>
</Project>